
Microsoft Visual Studio Solution File, Format Version 12.00
# Visual Studio 15
VisualStudioVersion = 15.0.27703.2042
MinimumVisualStudioVersion = 10.0.40219.1
Project("{FAE04EC0-301F-11D3-BF4B-00C04F79EFBC}") = "DbUpLesson", "DbUpLesson\DbUpLesson.csproj", "{3D09F571-E837-4BCE-8CED-D0DD9B2B2495}"
EndProject
Global
	GlobalSection(SolutionConfigurationPlatforms) = preSolution
		Debug|Any CPU = Debug|Any CPU
		Release|Any CPU = Release|Any CPU
	EndGlobalSection
	GlobalSection(ProjectConfigurationPlatforms) = postSolution
		{3D09F571-E837-4BCE-8CED-D0DD9B2B2495}.Debug|Any CPU.ActiveCfg = Debug|Any CPU
		{3D09F571-E837-4BCE-8CED-D0DD9B2B2495}.Debug|Any CPU.Build.0 = Debug|Any CPU
		{3D09F571-E837-4BCE-8CED-D0DD9B2B2495}.Release|Any CPU.ActiveCfg = Release|Any CPU
		{3D09F571-E837-4BCE-8CED-D0DD9B2B2495}.Release|Any CPU.Build.0 = Release|Any CPU
	EndGlobalSection
	GlobalSection(SolutionProperties) = preSolution
		HideSolutionNode = FALSE
	EndGlobalSection
	GlobalSection(ExtensibilityGlobals) = postSolution
		SolutionGuid = {5B8E7047-D97F-44FA-B264-0AEEA7261998}
	EndGlobalSection
EndGlobal
